
Microsoft Visual Studio Solution File, Format Version 12.00
# Visual Studio Version 17
VisualStudioVersion = 17.7.33906.173
MinimumVisualStudioVersion = 10.0.40219.1
Project("{FAE04EC0-301F-11D3-BF4B-00C04F79EFBC}") = "Weather.DependencyResolver", "src\Weather.DependencyResolver\Weather.DependencyResolver.csproj", "{43A02C91-1D83-40C7-80E9-CBF2AE0CAF07}"
EndProject
Project("{FAE04EC0-301F-11D3-BF4B-00C04F79EFBC}") = "Weather.ServiceLocator", "src\Weather.ServiceLocator\Weather.ServiceLocator.csproj", "{B322006D-9299-46EB-9778-04945861E39A}"
EndProject
Global
	GlobalSection(SolutionConfigurationPlatforms) = preSolution
		Debug|Any CPU = Debug|Any CPU
		Release|Any CPU = Release|Any CPU
	EndGlobalSection
	GlobalSection(ProjectConfigurationPlatforms) = postSolution
		{43A02C91-1D83-40C7-80E9-CBF2AE0CAF07}.Debug|Any CPU.ActiveCfg = Debug|Any CPU
		{43A02C91-1D83-40C7-80E9-CBF2AE0CAF07}.Debug|Any CPU.Build.0 = Debug|Any CPU
		{43A02C91-1D83-40C7-80E9-CBF2AE0CAF07}.Release|Any CPU.ActiveCfg = Release|Any CPU
		{43A02C91-1D83-40C7-80E9-CBF2AE0CAF07}.Release|Any CPU.Build.0 = Release|Any CPU
		{B322006D-9299-46EB-9778-04945861E39A}.Debug|Any CPU.ActiveCfg = Debug|Any CPU
		{B322006D-9299-46EB-9778-04945861E39A}.Debug|Any CPU.Build.0 = Debug|Any CPU
		{B322006D-9299-46EB-9778-04945861E39A}.Release|Any CPU.ActiveCfg = Release|Any CPU
		{B322006D-9299-46EB-9778-04945861E39A}.Release|Any CPU.Build.0 = Release|Any CPU
	EndGlobalSection
	GlobalSection(SolutionProperties) = preSolution
		HideSolutionNode = FALSE
	EndGlobalSection
	GlobalSection(ExtensibilityGlobals) = postSolution
		SolutionGuid = {75484CFF-149D-4D72-B4D0-DCC18A1F2634}
	EndGlobalSection
EndGlobal
